// !$*UTF8*$!
{
	archiveVersion = 1;
	classes = {
	};
	objectVersion = 46;
	objects = {

/* Begin PBXBuildFile section */
		D6B82C2D1A8C000100AE2525 /* AppDelegate.swift in Sources */ = {isa = PBXBuildFile; fileRef = D6B82C2C1A8C000100AE2525 /* AppDelegate.swift */; };
		D6B82C2F1A8C000100AE2525 /* ViewController.swift in Sources */ = {isa = PBXBuildFile; fileRef = D6B82C2E1A8C000100AE2525 /* ViewController.swift */; };
		D6B82C321A8C000100AE2525 /* Main.storyboard in Resources */ = {isa = PBXBuildFile; fileRef = D6B82C301A8C000100AE2525 /* Main.storyboard */; };
		D6B82C341A8C000100AE2525 /* Images.xcassets in Resources */ = {isa = PBXBuildFile; fileRef = D6B82C331A8C000100AE2525 /* Images.xcassets */; };
		D6B82C371A8C000100AE2525 /* LaunchScreen.xib in Resources */ = {isa = PBXBuildFile; fileRef = D6B82C351A8C000100AE2525 /* LaunchScreen.xib */; };
		D6B82C431A8C000100AE2525 /* TipCalculatorTests.swift in Sources */ = {isa = PBXBuildFile; fileRef = D6B82C421A8C000100AE2525 /* TipCalculatorTests.swift */; };
/* End PBXBuildFile section */

/* Begin PBXContainerItemProxy section */
		D6B82C3D1A8C000100AE2525 /* PBXContainerItemProxy */ = {
			isa = PBXContainerItemProxy;
			containerPortal = D6B82C1F1A8C000000AE2525 /* Project object */;
			proxyType = 1;
			remoteGlobalIDString = D6B82C261A8C000000AE2525;
			remoteInfo = TipCalculator;
		};
/* End PBXContainerItemProxy section */

/* Begin PBXFileReference section */
		D6B82C271A8C000000AE2525 /* TipCalculator.app */ = {isa = PBXFileReference; explicitFileType = wrapper.application; includeInIndex = 0; path = TipCalculator.app; sourceTree = BUILT_PRODUCTS_DIR; };
		D6B82C2B1A8C000100AE2525 /* Info.plist */ = {isa = PBXFileReference; lastKnownFileType = text.plist.xml; path = Info.plist; sourceTree = "<group>"; };
		D6B82C2C1A8C000100AE2525 /* AppDelegate.swift */ = {isa = PBXFileReference; lastKnownFileType = sourcecode.swift; path = AppDelegate.swift; sourceTree = "<group>"; };
		D6B82C2E1A8C000100AE2525 /* ViewController.swift */ = {isa = PBXFileReference; lastKnownFileType = sourcecode.swift; path = ViewController.swift; sourceTree = "<group>"; };
		D6B82C311A8C000100AE2525 /* Base */ = {isa = PBXFileReference; lastKnownFileType = file.storyboard; name = Base; path = Base.lproj/Main.storyboard; sourceTree = "<group>"; };
		D6B82C331A8C000100AE2525 /* Images.xcassets */ = {isa = PBXFileReference; lastKnownFileType = folder.assetcatalog; path = Images.xcassets; sourceTree = "<group>"; };
		D6B82C361A8C000100AE2525 /* Base */ = {isa = PBXFileReference; lastKnownFileType = file.xib; name = Base; path = Base.lproj/LaunchScreen.xib; sourceTree = "<group>"; };
		D6B82C3C1A8C000100AE2525 /* TipCalculatorTests.xctest */ = {isa = PBXFileReference; explicitFileType = wrapper.cfbundle; includeInIndex = 0; path = TipCalculatorTests.xctest; sourceTree = BUILT_PRODUCTS_DIR; };
		D6B82C411A8C000100AE2525 /* Info.plist */ = {isa = PBXFileReference; lastKnownFileType = text.plist.xml; path = Info.plist; sourceTree = "<group>"; };
		D6B82C421A8C000100AE2525 /* TipCalculatorTests.swift */ = {isa = PBXFileReference; lastKnownFileType = sourcecode.swift; path = TipCalculatorTests.swift; sourceTree = "<group>"; };
/* End PBXFileReference section */

/* Begin PBXFrameworksBuildPhase section */
		D6B82C241A8C000000AE2525 /* Frameworks */ = {
			isa = PBXFrameworksBuildPhase;
			buildActionMask = 2147483647;
			files = (
			);
			runOnlyForDeploymentPostprocessing = 0;
		};
		D6B82C391A8C000100AE2525 /* Frameworks */ = {
			isa = PBXFrameworksBuildPhase;
			buildActionMask = 2147483647;
			files = (
			);
			runOnlyForDeploymentPostprocessing = 0;
		};
/* End PBXFrameworksBuildPhase section */

/* Begin PBXGroup section */
		D6B82C1E1A8C000000AE2525 = {
			isa = PBXGroup;
			children = (
				D6B82C291A8C000000AE2525 /* TipCalculator */,
				D6B82C3F1A8C000100AE2525 /* TipCalculatorTests */,
				D6B82C281A8C000000AE2525 /* Products */,
			);
			sourceTree = "<group>";
		};
		D6B82C281A8C000000AE2525 /* Products */ = {
			isa = PBXGroup;
			children = (
				D6B82C271A8C000000AE2525 /* TipCalculator.app */,
				D6B82C3C1A8C000100AE2525 /* TipCalculatorTests.xctest */,
			);
			name = Products;
			sourceTree = "<group>";
		};
		D6B82C291A8C000000AE2525 /* TipCalculator */ = {
			isa = PBXGroup;
			children = (
				D6B82C2C1A8C000100AE2525 /* AppDelegate.swift */,
				D6B82C2E1A8C000100AE2525 /* ViewController.swift */,
				D6B82C301A8C000100AE2525 /* Main.storyboard */,
				D6B82C331A8C000100AE2525 /* Images.xcassets */,
				D6B82C351A8C000100AE2525 /* LaunchScreen.xib */,
				D6B82C2A1A8C000000AE2525 /* Supporting Files */,
			);
			path = TipCalculator;
			sourceTree = "<group>";
		};
		D6B82C2A1A8C000000AE2525 /* Supporting Files */ = {
			isa = PBXGroup;
			children = (
				D6B82C2B1A8C000100AE2525 /* Info.plist */,
			);
			name = "Supporting Files";
			sourceTree = "<group>";
		};
		D6B82C3F1A8C000100AE2525 /* TipCalculatorTests */ = {
			isa = PBXGroup;
			children = (
				D6B82C421A8C000100AE2525 /* TipCalculatorTests.swift */,
				D6B82C401A8C000100AE2525 /* Supporting Files */,
			);
			path = TipCalculatorTests;
			sourceTree = "<group>";
		};
		D6B82C401A8C000100AE2525 /* Supporting Files */ = {
			isa = PBXGroup;
			children = (
				D6B82C411A8C000100AE2525 /* Info.plist */,
			);
			name = "Supporting Files";
			sourceTree = "<group>";
		};
/* End PBXGroup section */

/* Begin PBXNativeTarget section */
		D6B82C261A8C000000AE2525 /* TipCalculator */ = {
			isa = PBXNativeTarget;
			buildConfigurationList = D6B82C461A8C000100AE2525 /* Build configuration list for PBXNativeTarget "TipCalculator" */;
			buildPhases = (
				D6B82C231A8C000000AE2525 /* Sources */,
				D6B82C241A8C000000AE2525 /* Frameworks */,
				D6B82C251A8C000000AE2525 /* Resources */,
			);
			buildRules = (
			);
			dependencies = (
			);
			name = TipCalculator;
			productName = TipCalculator;
			productReference = D6B82C271A8C000000AE2525 /* TipCalculator.app */;
			productType = "com.apple.product-type.application";
		};
		D6B82C3B1A8C000100AE2525 /* TipCalculatorTests */ = {
			isa = PBXNativeTarget;
			buildConfigurationList = D6B82C491A8C000100AE2525 /* Build configuration list for PBXNativeTarget "TipCalculatorTests" */;
			buildPhases = (
				D6B82C381A8C000100AE2525 /* Sources */,
				D6B82C391A8C000100AE2525 /* Frameworks */,
				D6B82C3A1A8C000100AE2525 /* Resources */,
			);
			buildRules = (
			);
			dependencies = (
				D6B82C3E1A8C000100AE2525 /* PBXTargetDependency */,
			);
			name = TipCalculatorTests;
			productName = TipCalculatorTests;
			productReference = D6B82C3C1A8C000100AE2525 /* TipCalculatorTests.xctest */;
			productType = "com.apple.product-type.bundle.unit-test";
		};
/* End PBXNativeTarget section */

/* Begin PBXProject section */
		D6B82C1F1A8C000000AE2525 /* Project object */ = {
			isa = PBXProject;
			attributes = {
				LastUpgradeCheck = 0610;
				ORGANIZATIONNAME = "Kelly Lim";
				TargetAttributes = {
					D6B82C261A8C000000AE2525 = {
						CreatedOnToolsVersion = 6.1.1;
					};
					D6B82C3B1A8C000100AE2525 = {
						CreatedOnToolsVersion = 6.1.1;
						TestTargetID = D6B82C261A8C000000AE2525;
					};
				};
			};
			buildConfigurationList = D6B82C221A8C000000AE2525 /* Build configuration list for PBXProject "TipCalculator" */;
			compatibilityVersion = "Xcode 3.2";
			developmentRegion = English;
			hasScannedForEncodings = 0;
			knownRegions = (
				en,
				Base,
			);
			mainGroup = D6B82C1E1A8C000000AE2525;
			productRefGroup = D6B82C281A8C000000AE2525 /* Products */;
			projectDirPath = "";
			projectRoot = "";
			targets = (
				D6B82C261A8C000000AE2525 /* TipCalculator */,
				D6B82C3B1A8C000100AE2525 /* TipCalculatorTests */,
			);
		};
/* End PBXProject section */

/* Begin PBXResourcesBuildPhase section */
		D6B82C251A8C000000AE2525 /* Resources */ = {
			isa = PBXResourcesBuildPhase;
			buildActionMask = 2147483647;
			files = (
				D6B82C321A8C000100AE2525 /* Main.storyboard in Resources */,
				D6B82C371A8C000100AE2525 /* LaunchScreen.xib in Resources */,
				D6B82C341A8C000100AE2525 /* Images.xcassets in Resources */,
			);
			runOnlyForDeploymentPostprocessing = 0;
		};
		D6B82C3A1A8C000100AE2525 /* Resources */ = {
			isa = PBXResourcesBuildPhase;
			buildActionMask = 2147483647;
			files = (
			);
			runOnlyForDeploymentPostprocessing = 0;
		};
/* End PBXResourcesBuildPhase section */

/* Begin PBXSourcesBuildPhase section */
		D6B82C231A8C000000AE2525 /* Sources */ = {
			isa = PBXSourcesBuildPhase;
			buildActionMask = 2147483647;
			files = (
				D6B82C2F1A8C000100AE2525 /* ViewController.swift in Sources */,
				D6B82C2D1A8C000100AE2525 /* AppDelegate.swift in Sources */,
			);
			runOnlyForDeploymentPostprocessing = 0;
		};
		D6B82C381A8C000100AE2525 /* Sources */ = {
			isa = PBXSourcesBuildPhase;
			buildActionMask = 2147483647;
			files = (
				D6B82C431A8C000100AE2525 /* TipCalculatorTests.swift in Sources */,
			);
			runOnlyForDeploymentPostprocessing = 0;
		};
/* End PBXSourcesBuildPhase section */

/* Begin PBXTargetDependency section */
		D6B82C3E1A8C000100AE2525 /* PBXTargetDependency */ = {
			isa = PBXTargetDependency;
			target = D6B82C261A8C000000AE2525 /* TipCalculator */;
			targetProxy = D6B82C3D1A8C000100AE2525 /* PBXContainerItemProxy */;
		};
/* End PBXTargetDependency section */

/* Begin PBXVariantGroup section */
		D6B82C301A8C000100AE2525 /* Main.storyboard */ = {
			isa = PBXVariantGroup;
			children = (
				D6B82C311A8C000100AE2525 /* Base */,
			);
			name = Main.storyboard;
			sourceTree = "<group>";
		};
		D6B82C351A8C000100AE2525 /* LaunchScreen.xib */ = {
			isa = PBXVariantGroup;
			children = (
				D6B82C361A8C000100AE2525 /* Base */,
			);
			name = LaunchScreen.xib;
			sourceTree = "<group>";
		};
/* End PBXVariantGroup section */

/* Begin XCBuildConfiguration section */
		D6B82C441A8C000100AE2525 /* Debug */ = {
			isa = XCBuildConfiguration;
			buildSettings = {
				ALWAYS_SEARCH_USER_PATHS = NO;
				CLANG_CXX_LANGUAGE_STANDARD = "gnu++0x";
				CLANG_CXX_LIBRARY = "libc++";
				CLANG_ENABLE_MODULES = YES;
				CLANG_ENABLE_OBJC_ARC = YES;
				CLANG_WARN_BOOL_CONVERSION = YES;
				CLANG_WARN_CONSTANT_CONVERSION = YES;
				CLANG_WARN_DIRECT_OBJC_ISA_USAGE = YES_ERROR;
				CLANG_WARN_EMPTY_BODY = YES;
				CLANG_WARN_ENUM_CONVERSION = YES;
				CLANG_WARN_INT_CONVERSION = YES;
				CLANG_WARN_OBJC_ROOT_CLASS = YES_ERROR;
				CLANG_WARN_UNREACHABLE_CODE = YES;
				CLANG_WARN__DUPLICATE_METHOD_MATCH = YES;
				"CODE_SIGN_IDENTITY[sdk=iphoneos*]" = "iPhone Developer";
				COPY_PHASE_STRIP = NO;
				ENABLE_STRICT_OBJC_MSGSEND = YES;
				GCC_C_LANGUAGE_STANDARD = gnu99;
				GCC_DYNAMIC_NO_PIC = NO;
				GCC_OPTIMIZATION_LEVEL = 0;
				GCC_PREPROCESSOR_DEFINITIONS = (
					"DEBUG=1",
					"$(inherited)",
				);
				GCC_SYMBOLS_PRIVATE_EXTERN = NO;
				GCC_WARN_64_TO_32_BIT_CONVERSION = YES;
				GCC_WARN_ABOUT_RETURN_TYPE = YES_ERROR;
				GCC_WARN_UNDECLARED_SELECTOR = YES;
				GCC_WARN_UNINITIALIZED_AUTOS = YES_AGGRESSIVE;
				GCC_WARN_UNUSED_FUNCTION = YES;
				GCC_WARN_UNUSED_VARIABLE = YES;
				IPHONEOS_DEPLOYMENT_TARGET = 8.1;
				MTL_ENABLE_DEBUG_INFO = YES;
				ONLY_ACTIVE_ARCH = YES;
				SDKROOT = iphoneos;
				SWIFT_OPTIMIZATION_LEVEL = "-Onone";
			};
			name = Debug;
		};
		D6B82C451A8C000100AE2525 /* Release */ = {
			isa = XCBuildConfiguration;
			buildSettings = {
				ALWAYS_SEARCH_USER_PATHS = NO;
				CLANG_CXX_LANGUAGE_STANDARD = "gnu++0x";
				CLANG_CXX_LIBRARY = "libc++";
				CLANG_ENABLE_MODULES = YES;
				CLANG_ENABLE_OBJC_ARC = YES;
				CLANG_WARN_BOOL_CONVERSION = YES;
				CLANG_WARN_CONSTANT_CONVERSION = YES;
				CLANG_WARN_DIRECT_OBJC_ISA_USAGE = YES_ERROR;
				CLANG_WARN_EMPTY_BODY = YES;
				CLANG_WARN_ENUM_CONVERSION = YES;
				CLANG_WARN_INT_CONVERSION = YES;
				CLANG_WARN_OBJC_ROOT_CLASS = YES_ERROR;
				CLANG_WARN_UNREACHABLE_CODE = YES;
				CLANG_WARN__DUPLICATE_METHOD_MATCH = YES;
				"CODE_SIGN_IDENTITY[sdk=iphoneos*]" = "iPhone Developer";
				COPY_PHASE_STRIP = YES;
				ENABLE_NS_ASSERTIONS = NO;
				ENABLE_STRICT_OBJC_MSGSEND = YES;
				GCC_C_LANGUAGE_STANDARD = gnu99;
				GCC_WARN_64_TO_32_BIT_CONVERSION = YES;
				GCC_WARN_ABOUT_RETURN_TYPE = YES_ERROR;
				GCC_WARN_UNDECLARED_SELECTOR = YES;
				GCC_WARN_UNINITIALIZED_AUTOS = YES_AGGRESSIVE;
				GCC_WARN_UNUSED_FUNCTION = YES;
				GCC_WARN_UNUSED_VARIABLE = YES;
				IPHONEOS_DEPLOYMENT_TARGET = 8.1;
				MTL_ENABLE_DEBUG_INFO = NO;
				SDKROOT = iphoneos;
				VALIDATE_PRODUCT = YES;
			};
			name = Release;
		};
		D6B82C471A8C000100AE2525 /* Debug */ = {
			isa = XCBuildConfiguration;
			buildSettings = {
				ASSETCATALOG_COMPILER_APPICON_NAME = AppIcon;
				INFOPLIST_FILE = TipCalculator/Info.plist;
				LD_RUNPATH_SEARCH_PATHS = "$(inherited) @executable_path/Frameworks";
				PRODUCT_NAME = "$(TARGET_NAME)";
			};
			name = Debug;
		};
		D6B82C481A8C000100AE2525 /* Release */ = {
			isa = XCBuildConfiguration;
			buildSettings = {
				ASSETCATALOG_COMPILER_APPICON_NAME = AppIcon;
				INFOPLIST_FILE = TipCalculator/Info.plist;
				LD_RUNPATH_SEARCH_PATHS = "$(inherited) @executable_path/Frameworks";
				PRODUCT_NAME = "$(TARGET_NAME)";
			};
			name = Release;
		};
		D6B82C4A1A8C000100AE2525 /* Debug */ = {
			isa = XCBuildConfiguration;
			buildSettings = {
				BUNDLE_LOADER = "$(TEST_HOST)";
				FRAMEWORK_SEARCH_PATHS = (
					"$(SDKROOT)/Developer/Library/Frameworks",
					"$(inherited)",
				);
				GCC_PREPROCESSOR_DEFINITIONS = (
					"DEBUG=1",
					"$(inherited)",
				);
				INFOPLIST_FILE = TipCalculatorTests/Info.plist;
				LD_RUNPATH_SEARCH_PATHS = "$(inherited) @executable_path/Frameworks @loader_path/Frameworks";
				PRODUCT_NAME = "$(TARGET_NAME)";
				TEST_HOST = "$(BUILT_PRODUCTS_DIR)/TipCalculator.app/TipCalculator";
			};
			name = Debug;
		};
		D6B82C4B1A8C000100AE2525 /* Release */ = {
			isa = XCBuildConfiguration;
			buildSettings = {
				BUNDLE_LOADER = "$(TEST_HOST)";
				FRAMEWORK_SEARCH_PATHS = (
					"$(SDKROOT)/Developer/Library/Frameworks",
					"$(inherited)",
				);
				INFOPLIST_FILE = TipCalculatorTests/Info.plist;
				LD_RUNPATH_SEARCH_PATHS = "$(inherited) @executable_path/Frameworks @loader_path/Frameworks";
				PRODUCT_NAME = "$(TARGET_NAME)";
				TEST_HOST = "$(BUILT_PRODUCTS_DIR)/TipCalculator.app/TipCalculator";
			};
			name = Release;
		};
/* End XCBuildConfiguration section */

/* Begin XCConfigurationList section */
		D6B82C221A8C000000AE2525 /* Build configuration list for PBXProject "TipCalculator" */ = {
			isa = XCConfigurationList;
			buildConfigurations = (
				D6B82C441A8C000100AE2525 /* Debug */,
				D6B82C451A8C000100AE2525 /* Release */,
			);
			defaultConfigurationIsVisible = 0;
			defaultConfigurationName = Release;
		};
		D6B82C461A8C000100AE2525 /* Build configuration list for PBXNativeTarget "TipCalculator" */ = {
			isa = XCConfigurationList;
			buildConfigurations = (
				D6B82C471A8C000100AE2525 /* Debug */,
				D6B82C481A8C000100AE2525 /* Release */,
			);
			defaultConfigurationIsVisible = 0;
		};
		D6B82C491A8C000100AE2525 /* Build configuration list for PBXNativeTarget "TipCalculatorTests" */ = {
			isa = XCConfigurationList;
			buildConfigurations = (
				D6B82C4A1A8C000100AE2525 /* Debug */,
				D6B82C4B1A8C000100AE2525 /* Release */,
			);
			defaultConfigurationIsVisible = 0;
		};
/* End XCConfigurationList section */
	};
	rootObject = D6B82C1F1A8C000000AE2525 /* Project object */;
}
